
Microsoft Visual Studio Solution File, Format Version 12.00
# Visual Studio Version 17
VisualStudioVersion = 17.5.002.0
MinimumVisualStudioVersion = 10.0.40219.1
Project("{9A19103F-16F7-4668-BE54-9A1E7A4F7556}") = "CarWorkshop.MVC", "CarWorkshop.MVC\CarWorkshop.MVC.csproj", "{0A6B7C30-C5F9-4EF8-A739-14C15F83A04E}"
EndProject
Project("{9A19103F-16F7-4668-BE54-9A1E7A4F7556}") = "CarWorkshop.Domain.Tests", "CarWorkshop.Domain.Tests\CarWorkshop.Domain.Tests.csproj", "{86EDAC12-861D-4FDD-AAC8-691C128229F7}"
EndProject
Project("{9A19103F-16F7-4668-BE54-9A1E7A4F7556}") = "CarWorkshop.Application", "CarWorkshop.Application\CarWorkshop.Application.csproj", "{94252DCA-AFBC-4D8A-9A3E-63CB971950B5}"
EndProject
Project("{9A19103F-16F7-4668-BE54-9A1E7A4F7556}") = "CarWorkshop.Infrastructure", "CarWorkshop.Infrastructure\CarWorkshop.Infrastructure.csproj", "{4FB5411A-3830-43A6-AC53-483007D22839}"
EndProject
Project("{9A19103F-16F7-4668-BE54-9A1E7A4F7556}") = "CarWorkshop.Domain", "CarWorkshop.Domain\CarWorkshop.Domain.csproj", "{9B534CD4-02AF-4418-A15C-8071457A81D5}"
EndProject
Global
	GlobalSection(SolutionConfigurationPlatforms) = preSolution
		Debug|Any CPU = Debug|Any CPU
		Release|Any CPU = Release|Any CPU
	EndGlobalSection
	GlobalSection(ProjectConfigurationPlatforms) = postSolution
		{0A6B7C30-C5F9-4EF8-A739-14C15F83A04E}.Debug|Any CPU.ActiveCfg = Debug|Any CPU
		{0A6B7C30-C5F9-4EF8-A739-14C15F83A04E}.Debug|Any CPU.Build.0 = Debug|Any CPU
		{0A6B7C30-C5F9-4EF8-A739-14C15F83A04E}.Release|Any CPU.ActiveCfg = Release|Any CPU
		{0A6B7C30-C5F9-4EF8-A739-14C15F83A04E}.Release|Any CPU.Build.0 = Release|Any CPU
		{86EDAC12-861D-4FDD-AAC8-691C128229F7}.Debug|Any CPU.ActiveCfg = Debug|Any CPU
		{86EDAC12-861D-4FDD-AAC8-691C128229F7}.Debug|Any CPU.Build.0 = Debug|Any CPU
		{86EDAC12-861D-4FDD-AAC8-691C128229F7}.Release|Any CPU.ActiveCfg = Release|Any CPU
		{86EDAC12-861D-4FDD-AAC8-691C128229F7}.Release|Any CPU.Build.0 = Release|Any CPU
		{94252DCA-AFBC-4D8A-9A3E-63CB971950B5}.Debug|Any CPU.ActiveCfg = Debug|Any CPU
		{94252DCA-AFBC-4D8A-9A3E-63CB971950B5}.Debug|Any CPU.Build.0 = Debug|Any CPU
		{94252DCA-AFBC-4D8A-9A3E-63CB971950B5}.Release|Any CPU.ActiveCfg = Release|Any CPU
		{94252DCA-AFBC-4D8A-9A3E-63CB971950B5}.Release|Any CPU.Build.0 = Release|Any CPU
		{4FB5411A-3830-43A6-AC53-483007D22839}.Debug|Any CPU.ActiveCfg = Debug|Any CPU
		{4FB5411A-3830-43A6-AC53-483007D22839}.Debug|Any CPU.Build.0 = Debug|Any CPU
		{4FB5411A-3830-43A6-AC53-483007D22839}.Release|Any CPU.ActiveCfg = Release|Any CPU
		{4FB5411A-3830-43A6-AC53-483007D22839}.Release|Any CPU.Build.0 = Release|Any CPU
		{9B534CD4-02AF-4418-A15C-8071457A81D5}.Debug|Any CPU.ActiveCfg = Debug|Any CPU
		{9B534CD4-02AF-4418-A15C-8071457A81D5}.Debug|Any CPU.Build.0 = Debug|Any CPU
		{9B534CD4-02AF-4418-A15C-8071457A81D5}.Release|Any CPU.ActiveCfg = Release|Any CPU
		{9B534CD4-02AF-4418-A15C-8071457A81D5}.Release|Any CPU.Build.0 = Release|Any CPU
	EndGlobalSection
	GlobalSection(SolutionProperties) = preSolution
		HideSolutionNode = FALSE
	EndGlobalSection
	GlobalSection(ExtensibilityGlobals) = postSolution
		SolutionGuid = {87453833-3BCE-4562-BEFB-16EDBD59470D}
	EndGlobalSection
EndGlobal
